
Microsoft Visual Studio Solution File, Format Version 12.00
Project("{FAE04EC0-301F-11D3-BF4B-00C04F79EFBC}") = "SerialTee", "SerialTee.csproj", "{1E88587D-0730-4CE4-ABCC-F337DA9EE257}"
EndProject
Global
	GlobalSection(SolutionConfigurationPlatforms) = preSolution
		Debug|Any CPU = Debug|Any CPU
		Release|Any CPU = Release|Any CPU
	EndGlobalSection
	GlobalSection(ProjectConfigurationPlatforms) = postSolution
		{1E88587D-0730-4CE4-ABCC-F337DA9EE257}.Debug|Any CPU.ActiveCfg = Debug|Any CPU
		{1E88587D-0730-4CE4-ABCC-F337DA9EE257}.Debug|Any CPU.Build.0 = Debug|Any CPU
		{1E88587D-0730-4CE4-ABCC-F337DA9EE257}.Release|Any CPU.ActiveCfg = Release|Any CPU
		{1E88587D-0730-4CE4-ABCC-F337DA9EE257}.Release|Any CPU.Build.0 = Release|Any CPU
	EndGlobalSection
EndGlobal
